
Microsoft Visual Studio Solution File, Format Version 12.00
# Visual Studio 15
VisualStudioVersion = 15.0.27130.2027
MinimumVisualStudioVersion = 10.0.40219.1
Project("{FAE04EC0-301F-11D3-BF4B-00C04F79EFBC}") = "SImpleIoc.Web", "SImpleIoc.Web\SImpleIoc.Web.csproj", "{80BD4CF0-B474-4256-B00D-54754B7F00F4}"
EndProject
Project("{FAE04EC0-301F-11D3-BF4B-00C04F79EFBC}") = "SimpleIoC", "SimpleIoC\SimpleIoC.csproj", "{0A6792CD-7C68-4B5A-8E50-918AD3572B55}"
EndProject
Global
	GlobalSection(SolutionConfigurationPlatforms) = preSolution
		Debug|Any CPU = Debug|Any CPU
		Release|Any CPU = Release|Any CPU
	EndGlobalSection
	GlobalSection(ProjectConfigurationPlatforms) = postSolution
		{80BD4CF0-B474-4256-B00D-54754B7F00F4}.Debug|Any CPU.ActiveCfg = Debug|Any CPU
		{80BD4CF0-B474-4256-B00D-54754B7F00F4}.Debug|Any CPU.Build.0 = Debug|Any CPU
		{80BD4CF0-B474-4256-B00D-54754B7F00F4}.Release|Any CPU.ActiveCfg = Release|Any CPU
		{80BD4CF0-B474-4256-B00D-54754B7F00F4}.Release|Any CPU.Build.0 = Release|Any CPU
		{0A6792CD-7C68-4B5A-8E50-918AD3572B55}.Debug|Any CPU.ActiveCfg = Debug|Any CPU
		{0A6792CD-7C68-4B5A-8E50-918AD3572B55}.Debug|Any CPU.Build.0 = Debug|Any CPU
		{0A6792CD-7C68-4B5A-8E50-918AD3572B55}.Release|Any CPU.ActiveCfg = Release|Any CPU
		{0A6792CD-7C68-4B5A-8E50-918AD3572B55}.Release|Any CPU.Build.0 = Release|Any CPU
	EndGlobalSection
	GlobalSection(SolutionProperties) = preSolution
		HideSolutionNode = FALSE
	EndGlobalSection
	GlobalSection(ExtensibilityGlobals) = postSolution
		SolutionGuid = {79F94FF9-8362-4E27-9E50-FC3157EB179D}
	EndGlobalSection
EndGlobal
